{
  "name": "agent",
  "version": "1.0.0",
  "lockfileVersion": 3,
  "requires": true,
  "packages": {
    "": {
      "name": "agent",
      "version": "1.0.0",
      "license": "ISC",
      "dependencies": {
        "libfx": "^0.0.9"
      }
    },
    "node_modules/libfx": {
      "version": "0.0.9",
      "resolved": "https://registry.npmmirror.com/libfx/-/libfx-0.0.9.tgz",
      "integrity": "sha512-fzkc7nj5dCLZdOpTEpE06+N7ITOrJ4lPA5I2OXa4nchB70IrasJqO0hN7hyMhsX/DQhkwE0UHjPKM5K7by5rtw==",
      "license": "Apache-2.0",
      "engines": {
        "node": ">=20"
      }
    }
  }
}
